
Microsoft Visual Studio Solution File, Format Version 12.00
# Visual Studio Version 17
VisualStudioVersion = 17.7.34202.233
MinimumVisualStudioVersion = 10.0.40219.1
Project("{FAE04EC0-301F-11D3-BF4B-00C04F79EFBC}") = "Bonsai.SpikeGLX", "src\Bonsai.SpikeGLX\Bonsai.SpikeGLX.csproj", "{EE2C2611-1909-4A8D-B986-6F8FA67AADC2}"
EndProject
Project("{2150E333-8FDC-42A3-9474-1A3956D46DE8}") = "build", "build", "{DEE5DD87-39C1-BF34-B639-A387DCCF972B}"
	ProjectSection(SolutionItems) = preProject
		build\Common.csproj.props = build\Common.csproj.props
		build\Common.csproj.targets = build\Common.csproj.targets
		build\Common.Tests.csproj.props = build\Common.Tests.csproj.props
		build\icon.png = build\icon.png
		build\Package.props = build\Package.props
		build\Project.csproj.props = build\Project.csproj.props
	EndProjectSection
EndProject
Global
	GlobalSection(SolutionConfigurationPlatforms) = preSolution
		Debug|Any CPU = Debug|Any CPU
		Debug|x64 = Debug|x64
		Release|Any CPU = Release|Any CPU
		Release|x64 = Release|x64
	EndGlobalSection
	GlobalSection(ProjectConfigurationPlatforms) = postSolution
		{EE2C2611-1909-4A8D-B986-6F8FA67AADC2}.Debug|Any CPU.ActiveCfg = Debug|Any CPU
		{EE2C2611-1909-4A8D-B986-6F8FA67AADC2}.Debug|Any CPU.Build.0 = Debug|Any CPU
		{EE2C2611-1909-4A8D-B986-6F8FA67AADC2}.Debug|x64.ActiveCfg = Debug|x64
		{EE2C2611-1909-4A8D-B986-6F8FA67AADC2}.Debug|x64.Build.0 = Debug|x64
		{EE2C2611-1909-4A8D-B986-6F8FA67AADC2}.Release|Any CPU.ActiveCfg = Release|Any CPU
		{EE2C2611-1909-4A8D-B986-6F8FA67AADC2}.Release|Any CPU.Build.0 = Release|Any CPU
		{EE2C2611-1909-4A8D-B986-6F8FA67AADC2}.Release|x64.ActiveCfg = Debug|x64
	EndGlobalSection
	GlobalSection(SolutionProperties) = preSolution
		HideSolutionNode = FALSE
	EndGlobalSection
	GlobalSection(ExtensibilityGlobals) = postSolution
		SolutionGuid = {AC9B4477-838C-4A71-8890-D4102BC7EE92}
	EndGlobalSection
EndGlobal
